
Microsoft Visual Studio Solution File, Format Version 12.00
# Visual Studio Version 17
VisualStudioVersion = 17.0.32126.317
MinimumVisualStudioVersion = 10.0.40219.1
Project("{FAE04EC0-301F-11D3-BF4B-00C04F79EFBC}") = "YilmazOgluProject", "YilmazOgluProject.csproj", "{ED86E0A3-C457-4DD8-865C-D2278F701EC1}"
EndProject
Global
	GlobalSection(SolutionConfigurationPlatforms) = preSolution
		Debug|Any CPU = Debug|Any CPU
		Release|Any CPU = Release|Any CPU
	EndGlobalSection
	GlobalSection(ProjectConfigurationPlatforms) = postSolution
		{ED86E0A3-C457-4DD8-865C-D2278F701EC1}.Debug|Any CPU.ActiveCfg = Debug|Any CPU
		{ED86E0A3-C457-4DD8-865C-D2278F701EC1}.Debug|Any CPU.Build.0 = Debug|Any CPU
		{ED86E0A3-C457-4DD8-865C-D2278F701EC1}.Release|Any CPU.ActiveCfg = Release|Any CPU
		{ED86E0A3-C457-4DD8-865C-D2278F701EC1}.Release|Any CPU.Build.0 = Release|Any CPU
	EndGlobalSection
	GlobalSection(SolutionProperties) = preSolution
		HideSolutionNode = FALSE
	EndGlobalSection
	GlobalSection(ExtensibilityGlobals) = postSolution
		SolutionGuid = {E203583B-A487-457D-93F3-CFB8DF3362E6}
	EndGlobalSection
EndGlobal
